
Microsoft Visual Studio Solution File, Format Version 12.00
# Visual Studio Version 17
VisualStudioVersion = 17.14.37111.16
MinimumVisualStudioVersion = 10.0.40219.1
Project("{FAE04EC0-301F-11D3-BF4B-00C04F79EFBC}") = "AssetMgmt-WebApi", "AssetMgmt-WebApi\AssetMgmt-WebApi.csproj", "{9CCCF330-3FD5-4348-8D42-5FE26BD3AB86}"
EndProject
Project("{FAE04EC0-301F-11D3-BF4B-00C04F79EFBC}") = "AssetMgmt-WebApi.Tests", "AssetMgmt-WebApi.Tests\AssetMgmt-WebApi.Tests.csproj", "{C97FBC75-EA3E-4FDE-BA17-A1624A90C717}"
EndProject
Global
	GlobalSection(SolutionConfigurationPlatforms) = preSolution
		Debug|Any CPU = Debug|Any CPU
		Release|Any CPU = Release|Any CPU
	EndGlobalSection
	GlobalSection(ProjectConfigurationPlatforms) = postSolution
		{9CCCF330-3FD5-4348-8D42-5FE26BD3AB86}.Debug|Any CPU.ActiveCfg = Debug|Any CPU
		{9CCCF330-3FD5-4348-8D42-5FE26BD3AB86}.Debug|Any CPU.Build.0 = Debug|Any CPU
		{9CCCF330-3FD5-4348-8D42-5FE26BD3AB86}.Release|Any CPU.ActiveCfg = Release|Any CPU
		{9CCCF330-3FD5-4348-8D42-5FE26BD3AB86}.Release|Any CPU.Build.0 = Release|Any CPU
		{C97FBC75-EA3E-4FDE-BA17-A1624A90C717}.Debug|Any CPU.ActiveCfg = Debug|Any CPU
		{C97FBC75-EA3E-4FDE-BA17-A1624A90C717}.Debug|Any CPU.Build.0 = Debug|Any CPU
		{C97FBC75-EA3E-4FDE-BA17-A1624A90C717}.Release|Any CPU.ActiveCfg = Release|Any CPU
		{C97FBC75-EA3E-4FDE-BA17-A1624A90C717}.Release|Any CPU.Build.0 = Release|Any CPU
	EndGlobalSection
	GlobalSection(SolutionProperties) = preSolution
		HideSolutionNode = FALSE
	EndGlobalSection
	GlobalSection(ExtensibilityGlobals) = postSolution
		SolutionGuid = {6E2C1C39-9C2D-4C1D-9C7E-8B3E9E2A1F10}
	EndGlobalSection
EndGlobal
